// !$*UTF8*$!
{
	archiveVersion = 1;
	classes = {
	};
	objectVersion = 55;
	objects = {

/* Begin PBXBuildFile section */
		3129254428379A7C00CF7876 /* DetailEditView.swift in Sources */ = {isa = PBXBuildFile; fileRef = 3129254328379A7C00CF7876 /* DetailEditView.swift */; };
		31DD6B422824F5200034772C /* MasterView.swift in Sources */ = {isa = PBXBuildFile; fileRef = 31DD6B412824F5200034772C /* MasterView.swift */; };
		31DD6B452824F73E0034772C /* DetailView.swift in Sources */ = {isa = PBXBuildFile; fileRef = 31DD6B442824F73E0034772C /* DetailView.swift */; };
		31DD6B48282515E50034772C /* Location + ViewModel.swift in Sources */ = {isa = PBXBuildFile; fileRef = 31DD6B47282515E50034772C /* Location + ViewModel.swift */; };
		31DD6B8F2827F37C0034772C /* LocationRowView.swift in Sources */ = {isa = PBXBuildFile; fileRef = 31DD6B8E2827F37C0034772C /* LocationRowView.swift */; };
		31DD6B972831DF600034772C /* MapKit.framework in Frameworks */ = {isa = PBXBuildFile; fileRef = 31DD6B962831DF600034772C /* MapKit.framework */; };
		31DD6B9B28335A870034772C /* LocationMapView.swift in Sources */ = {isa = PBXBuildFile; fileRef = 31DD6B9A28335A870034772C /* LocationMapView.swift */; };
		31DD6B9D28335A9B0034772C /* MKCoordRegion + ViewModel.swift in Sources */ = {isa = PBXBuildFile; fileRef = 31DD6B9C28335A9B0034772C /* MKCoordRegion + ViewModel.swift */; };
		31DD6B9E28335E490034772C /* CoreLocation.framework in Frameworks */ = {isa = PBXBuildFile; fileRef = 31DD6B942831CC440034772C /* CoreLocation.framework */; };
		31DD6BA22833B3780034772C /* MapRegionViewModel.swift in Sources */ = {isa = PBXBuildFile; fileRef = 31DD6BA12833B3780034772C /* MapRegionViewModel.swift */; };
		31DD6BA42834F0F60034772C /* MapRowView.swift in Sources */ = {isa = PBXBuildFile; fileRef = 31DD6BA32834F0F60034772C /* MapRowView.swift */; };
		31DD6BA72835035B0034772C /* ListService.swift in Sources */ = {isa = PBXBuildFile; fileRef = 31DD6BA62835035B0034772C /* ListService.swift */; };
		31DD6BB32835DA290034772C /* MasterList + ViewModel.swift in Sources */ = {isa = PBXBuildFile; fileRef = 31DD6BB22835DA290034772C /* MasterList + ViewModel.swift */; };
		31E8CB68281B82C900D634CC /* FavouritePlacesApp.swift in Sources */ = {isa = PBXBuildFile; fileRef = 31E8CB67281B82C900D634CC /* FavouritePlacesApp.swift */; };
		31E8CB6A281B82C900D634CC /* ContentView.swift in Sources */ = {isa = PBXBuildFile; fileRef = 31E8CB69281B82C900D634CC /* ContentView.swift */; };
		31E8CB6C281B82CC00D634CC /* Assets.xcassets in Resources */ = {isa = PBXBuildFile; fileRef = 31E8CB6B281B82CC00D634CC /* Assets.xcassets */; };
		31E8CB6F281B82CC00D634CC /* Preview Assets.xcassets in Resources */ = {isa = PBXBuildFile; fileRef = 31E8CB6E281B82CC00D634CC /* Preview Assets.xcassets */; };
		31E8CB71281B82CC00D634CC /* Persistence.swift in Sources */ = {isa = PBXBuildFile; fileRef = 31E8CB70281B82CC00D634CC /* Persistence.swift */; };
		31E8CB74281B82CC00D634CC /* FavouritePlaces.xcdatamodeld in Sources */ = {isa = PBXBuildFile; fileRef = 31E8CB72281B82CC00D634CC /* FavouritePlaces.xcdatamodeld */; };
		31E8CB7E281B82CD00D634CC /* FavouritePlacesTests.swift in Sources */ = {isa = PBXBuildFile; fileRef = 31E8CB7D281B82CD00D634CC /* FavouritePlacesTests.swift */; };
		31E8CB88281B82CD00D634CC /* FavouritePlacesUITests.swift in Sources */ = {isa = PBXBuildFile; fileRef = 31E8CB87281B82CD00D634CC /* FavouritePlacesUITests.swift */; };
		31E8CB8A281B82CD00D634CC /* FavouritePlacesUITestsLaunchTests.swift in Sources */ = {isa = PBXBuildFile; fileRef = 31E8CB89281B82CD00D634CC /* FavouritePlacesUITestsLaunchTests.swift */; };
/* End PBXBuildFile section */

/* Begin PBXContainerItemProxy section */
		31E8CB7A281B82CD00D634CC /* PBXContainerItemProxy */ = {
			isa = PBXContainerItemProxy;
			containerPortal = 31E8CB5C281B82C900D634CC /* Project object */;
			proxyType = 1;
			remoteGlobalIDString = 31E8CB63281B82C900D634CC;
			remoteInfo = FavouritePlaces;
		};
		31E8CB84281B82CD00D634CC /* PBXContainerItemProxy */ = {
			isa = PBXContainerItemProxy;
			containerPortal = 31E8CB5C281B82C900D634CC /* Project object */;
			proxyType = 1;
			remoteGlobalIDString = 31E8CB63281B82C900D634CC;
			remoteInfo = FavouritePlaces;
		};
/* End PBXContainerItemProxy section */

/* Begin PBXFileReference section */
		3129254328379A7C00CF7876 /* DetailEditView.swift */ = {isa = PBXFileReference; lastKnownFileType = sourcecode.swift; path = DetailEditView.swift; sourceTree = "<group>"; };
		31DD6B412824F5200034772C /* MasterView.swift */ = {isa = PBXFileReference; lastKnownFileType = sourcecode.swift; path = MasterView.swift; sourceTree = "<group>"; };
		31DD6B442824F73E0034772C /* DetailView.swift */ = {isa = PBXFileReference; lastKnownFileType = sourcecode.swift; path = DetailView.swift; sourceTree = "<group>"; };
		31DD6B47282515E50034772C /* Location + ViewModel.swift */ = {isa = PBXFileReference; lastKnownFileType = sourcecode.swift; path = "Location + ViewModel.swift"; sourceTree = "<group>"; };
		31DD6B8E2827F37C0034772C /* LocationRowView.swift */ = {isa = PBXFileReference; lastKnownFileType = sourcecode.swift; path = LocationRowView.swift; sourceTree = "<group>"; };
		31DD6B942831CC440034772C /* CoreLocation.framework */ = {isa = PBXFileReference; lastKnownFileType = wrapper.framework; name = CoreLocation.framework; path = System/Library/Frameworks/CoreLocation.framework; sourceTree = SDKROOT; };
		31DD6B962831DF600034772C /* MapKit.framework */ = {isa = PBXFileReference; lastKnownFileType = wrapper.framework; name = MapKit.framework; path = System/Library/Frameworks/MapKit.framework; sourceTree = SDKROOT; };
		31DD6B9A28335A870034772C /* LocationMapView.swift */ = {isa = PBXFileReference; lastKnownFileType = sourcecode.swift; path = LocationMapView.swift; sourceTree = "<group>"; };
		31DD6B9C28335A9B0034772C /* MKCoordRegion + ViewModel.swift */ = {isa = PBXFileReference; lastKnownFileType = sourcecode.swift; path = "MKCoordRegion + ViewModel.swift"; sourceTree = "<group>"; };
		31DD6BA12833B3780034772C /* MapRegionViewModel.swift */ = {isa = PBXFileReference; lastKnownFileType = sourcecode.swift; path = MapRegionViewModel.swift; sourceTree = "<group>"; };
		31DD6BA32834F0F60034772C /* MapRowView.swift */ = {isa = PBXFileReference; lastKnownFileType = sourcecode.swift; path = MapRowView.swift; sourceTree = "<group>"; };
		31DD6BA62835035B0034772C /* ListService.swift */ = {isa = PBXFileReference; lastKnownFileType = sourcecode.swift; path = ListService.swift; sourceTree = "<group>"; };
		31DD6BB22835DA290034772C /* MasterList + ViewModel.swift */ = {isa = PBXFileReference; lastKnownFileType = sourcecode.swift; path = "MasterList + ViewModel.swift"; sourceTree = "<group>"; };
		31E8CB64281B82C900D634CC /* FavouritePlaces.app */ = {isa = PBXFileReference; explicitFileType = wrapper.application; includeInIndex = 0; path = FavouritePlaces.app; sourceTree = BUILT_PRODUCTS_DIR; };
		31E8CB67281B82C900D634CC /* FavouritePlacesApp.swift */ = {isa = PBXFileReference; lastKnownFileType = sourcecode.swift; path = FavouritePlacesApp.swift; sourceTree = "<group>"; };
		31E8CB69281B82C900D634CC /* ContentView.swift */ = {isa = PBXFileReference; lastKnownFileType = sourcecode.swift; path = ContentView.swift; sourceTree = "<group>"; };
		31E8CB6B281B82CC00D634CC /* Assets.xcassets */ = {isa = PBXFileReference; lastKnownFileType = folder.assetcatalog; path = Assets.xcassets; sourceTree = "<group>"; };
		31E8CB6E281B82CC00D634CC /* Preview Assets.xcassets */ = {isa = PBXFileReference; lastKnownFileType = folder.assetcatalog; path = "Preview Assets.xcassets"; sourceTree = "<group>"; };
		31E8CB70281B82CC00D634CC /* Persistence.swift */ = {isa = PBXFileReference; lastKnownFileType = sourcecode.swift; path = Persistence.swift; sourceTree = "<group>"; };
		31E8CB73281B82CC00D634CC /* FavouritePlaces.xcdatamodel */ = {isa = PBXFileReference; lastKnownFileType = wrapper.xcdatamodel; path = FavouritePlaces.xcdatamodel; sourceTree = "<group>"; };
		31E8CB79281B82CD00D634CC /* FavouritePlacesTests.xctest */ = {isa = PBXFileReference; explicitFileType = wrapper.cfbundle; includeInIndex = 0; path = FavouritePlacesTests.xctest; sourceTree = BUILT_PRODUCTS_DIR; };
		31E8CB7D281B82CD00D634CC /* FavouritePlacesTests.swift */ = {isa = PBXFileReference; lastKnownFileType = sourcecode.swift; path = FavouritePlacesTests.swift; sourceTree = "<group>"; };
		31E8CB83281B82CD00D634CC /* FavouritePlacesUITests.xctest */ = {isa = PBXFileReference; explicitFileType = wrapper.cfbundle; includeInIndex = 0; path = FavouritePlacesUITests.xctest; sourceTree = BUILT_PRODUCTS_DIR; };
		31E8CB87281B82CD00D634CC /* FavouritePlacesUITests.swift */ = {isa = PBXFileReference; lastKnownFileType = sourcecode.swift; path = FavouritePlacesUITests.swift; sourceTree = "<group>"; };
		31E8CB89281B82CD00D634CC /* FavouritePlacesUITestsLaunchTests.swift */ = {isa = PBXFileReference; lastKnownFileType = sourcecode.swift; path = FavouritePlacesUITestsLaunchTests.swift; sourceTree = "<group>"; };
/* End PBXFileReference section */

/* Begin PBXFrameworksBuildPhase section */
		31E8CB61281B82C900D634CC /* Frameworks */ = {
			isa = PBXFrameworksBuildPhase;
			buildActionMask = 2147483647;
			files = (
				31DD6B9E28335E490034772C /* CoreLocation.framework in Frameworks */,
				31DD6B972831DF600034772C /* MapKit.framework in Frameworks */,
			);
			runOnlyForDeploymentPostprocessing = 0;
		};
		31E8CB76281B82CD00D634CC /* Frameworks */ = {
			isa = PBXFrameworksBuildPhase;
			buildActionMask = 2147483647;
			files = (
			);
			runOnlyForDeploymentPostprocessing = 0;
		};
		31E8CB80281B82CD00D634CC /* Frameworks */ = {
			isa = PBXFrameworksBuildPhase;
			buildActionMask = 2147483647;
			files = (
			);
			runOnlyForDeploymentPostprocessing = 0;
		};
/* End PBXFrameworksBuildPhase section */

/* Begin PBXGroup section */
		31DD6B432824F71B0034772C /* Views */ = {
			isa = PBXGroup;
			children = (
				31E8CB69281B82C900D634CC /* ContentView.swift */,
				31DD6B412824F5200034772C /* MasterView.swift */,
				31DD6B8E2827F37C0034772C /* LocationRowView.swift */,
				31DD6B442824F73E0034772C /* DetailView.swift */,
				3129254328379A7C00CF7876 /* DetailEditView.swift */,
				31DD6B9A28335A870034772C /* LocationMapView.swift */,
				31DD6BA32834F0F60034772C /* MapRowView.swift */,
			);
			path = Views;
			sourceTree = "<group>";
		};
		31DD6B46282515D40034772C /* ViewModels */ = {
			isa = PBXGroup;
			children = (
				31DD6B47282515E50034772C /* Location + ViewModel.swift */,
				31DD6B9C28335A9B0034772C /* MKCoordRegion + ViewModel.swift */,
				31DD6BA12833B3780034772C /* MapRegionViewModel.swift */,
				31DD6BB22835DA290034772C /* MasterList + ViewModel.swift */,
			);
			path = ViewModels;
			sourceTree = "<group>";
		};
		31DD6B932831CC440034772C /* Frameworks */ = {
			isa = PBXGroup;
			children = (
				31DD6B962831DF600034772C /* MapKit.framework */,
				31DD6B942831CC440034772C /* CoreLocation.framework */,
			);
			name = Frameworks;
			sourceTree = "<group>";
		};
		31DD6BA52835034D0034772C /* Services */ = {
			isa = PBXGroup;
			children = (
				31DD6BA62835035B0034772C /* ListService.swift */,
			);
			path = Services;
			sourceTree = "<group>";
		};
		31E8CB5B281B82C900D634CC = {
			isa = PBXGroup;
			children = (
				31E8CB66281B82C900D634CC /* FavouritePlaces */,
				31E8CB7C281B82CD00D634CC /* FavouritePlacesTests */,
				31E8CB86281B82CD00D634CC /* FavouritePlacesUITests */,
				31E8CB65281B82C900D634CC /* Products */,
				31DD6B932831CC440034772C /* Frameworks */,
			);
			sourceTree = "<group>";
		};
		31E8CB65281B82C900D634CC /* Products */ = {
			isa = PBXGroup;
			children = (
				31E8CB64281B82C900D634CC /* FavouritePlaces.app */,
				31E8CB79281B82CD00D634CC /* FavouritePlacesTests.xctest */,
				31E8CB83281B82CD00D634CC /* FavouritePlacesUITests.xctest */,
			);
			name = Products;
			sourceTree = "<group>";
		};
		31E8CB66281B82C900D634CC /* FavouritePlaces */ = {
			isa = PBXGroup;
			children = (
				31DD6BA52835034D0034772C /* Services */,
				31DD6B46282515D40034772C /* ViewModels */,
				31DD6B432824F71B0034772C /* Views */,
				31E8CB67281B82C900D634CC /* FavouritePlacesApp.swift */,
				31E8CB6B281B82CC00D634CC /* Assets.xcassets */,
				31E8CB70281B82CC00D634CC /* Persistence.swift */,
				31E8CB72281B82CC00D634CC /* FavouritePlaces.xcdatamodeld */,
				31E8CB6D281B82CC00D634CC /* Preview Content */,
			);
			path = FavouritePlaces;
			sourceTree = "<group>";
		};
		31E8CB6D281B82CC00D634CC /* Preview Content */ = {
			isa = PBXGroup;
			children = (
				31E8CB6E281B82CC00D634CC /* Preview Assets.xcassets */,
			);
			path = "Preview Content";
			sourceTree = "<group>";
		};
		31E8CB7C281B82CD00D634CC /* FavouritePlacesTests */ = {
			isa = PBXGroup;
			children = (
				31E8CB7D281B82CD00D634CC /* FavouritePlacesTests.swift */,
			);
			path = FavouritePlacesTests;
			sourceTree = "<group>";
		};
		31E8CB86281B82CD00D634CC /* FavouritePlacesUITests */ = {
			isa = PBXGroup;
			children = (
				31E8CB87281B82CD00D634CC /* FavouritePlacesUITests.swift */,
				31E8CB89281B82CD00D634CC /* FavouritePlacesUITestsLaunchTests.swift */,
			);
			path = FavouritePlacesUITests;
			sourceTree = "<group>";
		};
/* End PBXGroup section */

/* Begin PBXNativeTarget section */
		31E8CB63281B82C900D634CC /* FavouritePlaces */ = {
			isa = PBXNativeTarget;
			buildConfigurationList = 31E8CB8D281B82CD00D634CC /* Build configuration list for PBXNativeTarget "FavouritePlaces" */;
			buildPhases = (
				31E8CB60281B82C900D634CC /* Sources */,
				31E8CB61281B82C900D634CC /* Frameworks */,
				31E8CB62281B82C900D634CC /* Resources */,
			);
			buildRules = (
			);
			dependencies = (
			);
			name = FavouritePlaces;
			productName = FavouritePlaces;
			productReference = 31E8CB64281B82C900D634CC /* FavouritePlaces.app */;
			productType = "com.apple.product-type.application";
		};
		31E8CB78281B82CD00D634CC /* FavouritePlacesTests */ = {
			isa = PBXNativeTarget;
			buildConfigurationList = 31E8CB90281B82CD00D634CC /* Build configuration list for PBXNativeTarget "FavouritePlacesTests" */;
			buildPhases = (
				31E8CB75281B82CD00D634CC /* Sources */,
				31E8CB76281B82CD00D634CC /* Frameworks */,
				31E8CB77281B82CD00D634CC /* Resources */,
			);
			buildRules = (
			);
			dependencies = (
				31E8CB7B281B82CD00D634CC /* PBXTargetDependency */,
			);
			name = FavouritePlacesTests;
			productName = FavouritePlacesTests;
			productReference = 31E8CB79281B82CD00D634CC /* FavouritePlacesTests.xctest */;
			productType = "com.apple.product-type.bundle.unit-test";
		};
		31E8CB82281B82CD00D634CC /* FavouritePlacesUITests */ = {
			isa = PBXNativeTarget;
			buildConfigurationList = 31E8CB93281B82CD00D634CC /* Build configuration list for PBXNativeTarget "FavouritePlacesUITests" */;
			buildPhases = (
				31E8CB7F281B82CD00D634CC /* Sources */,
				31E8CB80281B82CD00D634CC /* Frameworks */,
				31E8CB81281B82CD00D634CC /* Resources */,
			);
			buildRules = (
			);
			dependencies = (
				31E8CB85281B82CD00D634CC /* PBXTargetDependency */,
			);
			name = FavouritePlacesUITests;
			productName = FavouritePlacesUITests;
			productReference = 31E8CB83281B82CD00D634CC /* FavouritePlacesUITests.xctest */;
			productType = "com.apple.product-type.bundle.ui-testing";
		};
/* End PBXNativeTarget section */

/* Begin PBXProject section */
		31E8CB5C281B82C900D634CC /* Project object */ = {
			isa = PBXProject;
			attributes = {
				BuildIndependentTargetsInParallel = 1;
				LastSwiftUpdateCheck = 1330;
				LastUpgradeCheck = 1330;
				TargetAttributes = {
					31E8CB63281B82C900D634CC = {
						CreatedOnToolsVersion = 13.3.1;
					};
					31E8CB78281B82CD00D634CC = {
						CreatedOnToolsVersion = 13.3.1;
						TestTargetID = 31E8CB63281B82C900D634CC;
					};
					31E8CB82281B82CD00D634CC = {
						CreatedOnToolsVersion = 13.3.1;
						TestTargetID = 31E8CB63281B82C900D634CC;
					};
				};
			};
			buildConfigurationList = 31E8CB5F281B82C900D634CC /* Build configuration list for PBXProject "FavouritePlaces" */;
			compatibilityVersion = "Xcode 13.0";
			developmentRegion = en;
			hasScannedForEncodings = 0;
			knownRegions = (
				en,
				Base,
			);
			mainGroup = 31E8CB5B281B82C900D634CC;
			productRefGroup = 31E8CB65281B82C900D634CC /* Products */;
			projectDirPath = "";
			projectRoot = "";
			targets = (
				31E8CB63281B82C900D634CC /* FavouritePlaces */,
				31E8CB78281B82CD00D634CC /* FavouritePlacesTests */,
				31E8CB82281B82CD00D634CC /* FavouritePlacesUITests */,
			);
		};
/* End PBXProject section */

/* Begin PBXResourcesBuildPhase section */
		31E8CB62281B82C900D634CC /* Resources */ = {
			isa = PBXResourcesBuildPhase;
			buildActionMask = 2147483647;
			files = (
				31E8CB6F281B82CC00D634CC /* Preview Assets.xcassets in Resources */,
				31E8CB6C281B82CC00D634CC /* Assets.xcassets in Resources */,
			);
			runOnlyForDeploymentPostprocessing = 0;
		};
		31E8CB77281B82CD00D634CC /* Resources */ = {
			isa = PBXResourcesBuildPhase;
			buildActionMask = 2147483647;
			files = (
			);
			runOnlyForDeploymentPostprocessing = 0;
		};
		31E8CB81281B82CD00D634CC /* Resources */ = {
			isa = PBXResourcesBuildPhase;
			buildActionMask = 2147483647;
			files = (
			);
			runOnlyForDeploymentPostprocessing = 0;
		};
/* End PBXResourcesBuildPhase section */

/* Begin PBXSourcesBuildPhase section */
		31E8CB60281B82C900D634CC /* Sources */ = {
			isa = PBXSourcesBuildPhase;
			buildActionMask = 2147483647;
			files = (
				31DD6BA42834F0F60034772C /* MapRowView.swift in Sources */,
				31DD6BA72835035B0034772C /* ListService.swift in Sources */,
				3129254428379A7C00CF7876 /* DetailEditView.swift in Sources */,
				31DD6BA22833B3780034772C /* MapRegionViewModel.swift in Sources */,
				31E8CB71281B82CC00D634CC /* Persistence.swift in Sources */,
				31DD6B9B28335A870034772C /* LocationMapView.swift in Sources */,
				31DD6BB32835DA290034772C /* MasterList + ViewModel.swift in Sources */,
				31DD6B452824F73E0034772C /* DetailView.swift in Sources */,
				31E8CB74281B82CC00D634CC /* FavouritePlaces.xcdatamodeld in Sources */,
				31DD6B9D28335A9B0034772C /* MKCoordRegion + ViewModel.swift in Sources */,
				31E8CB6A281B82C900D634CC /* ContentView.swift in Sources */,
				31DD6B8F2827F37C0034772C /* LocationRowView.swift in Sources */,
				31DD6B422824F5200034772C /* MasterView.swift in Sources */,
				31DD6B48282515E50034772C /* Location + ViewModel.swift in Sources */,
				31E8CB68281B82C900D634CC /* FavouritePlacesApp.swift in Sources */,
			);
			runOnlyForDeploymentPostprocessing = 0;
		};
		31E8CB75281B82CD00D634CC /* Sources */ = {
			isa = PBXSourcesBuildPhase;
			buildActionMask = 2147483647;
			files = (
				31E8CB7E281B82CD00D634CC /* FavouritePlacesTests.swift in Sources */,
			);
			runOnlyForDeploymentPostprocessing = 0;
		};
		31E8CB7F281B82CD00D634CC /* Sources */ = {
			isa = PBXSourcesBuildPhase;
			buildActionMask = 2147483647;
			files = (
				31E8CB8A281B82CD00D634CC /* FavouritePlacesUITestsLaunchTests.swift in Sources */,
				31E8CB88281B82CD00D634CC /* FavouritePlacesUITests.swift in Sources */,
			);
			runOnlyForDeploymentPostprocessing = 0;
		};
/* End PBXSourcesBuildPhase section */

/* Begin PBXTargetDependency section */
		31E8CB7B281B82CD00D634CC /* PBXTargetDependency */ = {
			isa = PBXTargetDependency;
			target = 31E8CB63281B82C900D634CC /* FavouritePlaces */;
			targetProxy = 31E8CB7A281B82CD00D634CC /* PBXContainerItemProxy */;
		};
		31E8CB85281B82CD00D634CC /* PBXTargetDependency */ = {
			isa = PBXTargetDependency;
			target = 31E8CB63281B82C900D634CC /* FavouritePlaces */;
			targetProxy = 31E8CB84281B82CD00D634CC /* PBXContainerItemProxy */;
		};
/* End PBXTargetDependency section */

/* Begin XCBuildConfiguration section */
		31E8CB8B281B82CD00D634CC /* Debug */ = {
			isa = XCBuildConfiguration;
			buildSettings = {
				ALWAYS_SEARCH_USER_PATHS = NO;
				CLANG_ANALYZER_NONNULL = YES;
				CLANG_ANALYZER_NUMBER_OBJECT_CONVERSION = YES_AGGRESSIVE;
				CLANG_CXX_LANGUAGE_STANDARD = "gnu++17";
				CLANG_ENABLE_MODULES = YES;
				CLANG_ENABLE_OBJC_ARC = YES;
				CLANG_ENABLE_OBJC_WEAK = YES;
				CLANG_WARN_BLOCK_CAPTURE_AUTORELEASING = YES;
				CLANG_WARN_BOOL_CONVERSION = YES;
				CLANG_WARN_COMMA = YES;
				CLANG_WARN_CONSTANT_CONVERSION = YES;
				CLANG_WARN_DEPRECATED_OBJC_IMPLEMENTATIONS = YES;
				CLANG_WARN_DIRECT_OBJC_ISA_USAGE = YES_ERROR;
				CLANG_WARN_DOCUMENTATION_COMMENTS = YES;
				CLANG_WARN_EMPTY_BODY = YES;
				CLANG_WARN_ENUM_CONVERSION = YES;
				CLANG_WARN_INFINITE_RECURSION = YES;
				CLANG_WARN_INT_CONVERSION = YES;
				CLANG_WARN_NON_LITERAL_NULL_CONVERSION = YES;
				CLANG_WARN_OBJC_IMPLICIT_RETAIN_SELF = YES;
				CLANG_WARN_OBJC_LITERAL_CONVERSION = YES;
				CLANG_WARN_OBJC_ROOT_CLASS = YES_ERROR;
				CLANG_WARN_QUOTED_INCLUDE_IN_FRAMEWORK_HEADER = YES;
				CLANG_WARN_RANGE_LOOP_ANALYSIS = YES;
				CLANG_WARN_STRICT_PROTOTYPES = YES;
				CLANG_WARN_SUSPICIOUS_MOVE = YES;
				CLANG_WARN_UNGUARDED_AVAILABILITY = YES_AGGRESSIVE;
				CLANG_WARN_UNREACHABLE_CODE = YES;
				CLANG_WARN__DUPLICATE_METHOD_MATCH = YES;
				COPY_PHASE_STRIP = NO;
				DEBUG_INFORMATION_FORMAT = dwarf;
				ENABLE_STRICT_OBJC_MSGSEND = YES;
				ENABLE_TESTABILITY = YES;
				GCC_C_LANGUAGE_STANDARD = gnu11;
				GCC_DYNAMIC_NO_PIC = NO;
				GCC_NO_COMMON_BLOCKS = YES;
				GCC_OPTIMIZATION_LEVEL = 0;
				GCC_PREPROCESSOR_DEFINITIONS = (
					"DEBUG=1",
					"$(inherited)",
				);
				GCC_WARN_64_TO_32_BIT_CONVERSION = YES;
				GCC_WARN_ABOUT_RETURN_TYPE = YES_ERROR;
				GCC_WARN_UNDECLARED_SELECTOR = YES;
				GCC_WARN_UNINITIALIZED_AUTOS = YES_AGGRESSIVE;
				GCC_WARN_UNUSED_FUNCTION = YES;
				GCC_WARN_UNUSED_VARIABLE = YES;
				IPHONEOS_DEPLOYMENT_TARGET = 15.4;
				MTL_ENABLE_DEBUG_INFO = INCLUDE_SOURCE;
				MTL_FAST_MATH = YES;
				ONLY_ACTIVE_ARCH = YES;
				SDKROOT = iphoneos;
				SWIFT_ACTIVE_COMPILATION_CONDITIONS = DEBUG;
				SWIFT_OPTIMIZATION_LEVEL = "-Onone";
			};
			name = Debug;
		};
		31E8CB8C281B82CD00D634CC /* Release */ = {
			isa = XCBuildConfiguration;
			buildSettings = {
				ALWAYS_SEARCH_USER_PATHS = NO;
				CLANG_ANALYZER_NONNULL = YES;
				CLANG_ANALYZER_NUMBER_OBJECT_CONVERSION = YES_AGGRESSIVE;
				CLANG_CXX_LANGUAGE_STANDARD = "gnu++17";
				CLANG_ENABLE_MODULES = YES;
				CLANG_ENABLE_OBJC_ARC = YES;
				CLANG_ENABLE_OBJC_WEAK = YES;
				CLANG_WARN_BLOCK_CAPTURE_AUTORELEASING = YES;
				CLANG_WARN_BOOL_CONVERSION = YES;
				CLANG_WARN_COMMA = YES;
				CLANG_WARN_CONSTANT_CONVERSION = YES;
				CLANG_WARN_DEPRECATED_OBJC_IMPLEMENTATIONS = YES;
				CLANG_WARN_DIRECT_OBJC_ISA_USAGE = YES_ERROR;
				CLANG_WARN_DOCUMENTATION_COMMENTS = YES;
				CLANG_WARN_EMPTY_BODY = YES;
				CLANG_WARN_ENUM_CONVERSION = YES;
				CLANG_WARN_INFINITE_RECURSION = YES;
				CLANG_WARN_INT_CONVERSION = YES;
				CLANG_WARN_NON_LITERAL_NULL_CONVERSION = YES;
				CLANG_WARN_OBJC_IMPLICIT_RETAIN_SELF = YES;
				CLANG_WARN_OBJC_LITERAL_CONVERSION = YES;
				CLANG_WARN_OBJC_ROOT_CLASS = YES_ERROR;
				CLANG_WARN_QUOTED_INCLUDE_IN_FRAMEWORK_HEADER = YES;
				CLANG_WARN_RANGE_LOOP_ANALYSIS = YES;
				CLANG_WARN_STRICT_PROTOTYPES = YES;
				CLANG_WARN_SUSPICIOUS_MOVE = YES;
				CLANG_WARN_UNGUARDED_AVAILABILITY = YES_AGGRESSIVE;
				CLANG_WARN_UNREACHABLE_CODE = YES;
				CLANG_WARN__DUPLICATE_METHOD_MATCH = YES;
				COPY_PHASE_STRIP = NO;
				DEBUG_INFORMATION_FORMAT = "dwarf-with-dsym";
				ENABLE_NS_ASSERTIONS = NO;
				ENABLE_STRICT_OBJC_MSGSEND = YES;
				GCC_C_LANGUAGE_STANDARD = gnu11;
				GCC_NO_COMMON_BLOCKS = YES;
				GCC_WARN_64_TO_32_BIT_CONVERSION = YES;
				GCC_WARN_ABOUT_RETURN_TYPE = YES_ERROR;
				GCC_WARN_UNDECLARED_SELECTOR = YES;
				GCC_WARN_UNINITIALIZED_AUTOS = YES_AGGRESSIVE;
				GCC_WARN_UNUSED_FUNCTION = YES;
				GCC_WARN_UNUSED_VARIABLE = YES;
				IPHONEOS_DEPLOYMENT_TARGET = 15.4;
				MTL_ENABLE_DEBUG_INFO = NO;
				MTL_FAST_MATH = YES;
				SDKROOT = iphoneos;
				SWIFT_COMPILATION_MODE = wholemodule;
				SWIFT_OPTIMIZATION_LEVEL = "-O";
				VALIDATE_PRODUCT = YES;
			};
			name = Release;
		};
		31E8CB8E281B82CD00D634CC /* Debug */ = {
			isa = XCBuildConfiguration;
			buildSettings = {
				ASSETCATALOG_COMPILER_APPICON_NAME = AppIcon;
				ASSETCATALOG_COMPILER_GLOBAL_ACCENT_COLOR_NAME = AccentColor;
				CODE_SIGN_STYLE = Automatic;
				CURRENT_PROJECT_VERSION = 1;
				DEVELOPMENT_ASSET_PATHS = "\"FavouritePlaces/Preview Content\"";
				DEVELOPMENT_TEAM = 77J4UA66Q2;
				ENABLE_PREVIEWS = YES;
				GENERATE_INFOPLIST_FILE = YES;
				INFOPLIST_KEY_UIApplicationSceneManifest_Generation = YES;
				INFOPLIST_KEY_UIApplicationSupportsIndirectInputEvents = YES;
				INFOPLIST_KEY_UILaunchScreen_Generation = YES;
				INFOPLIST_KEY_UISupportedInterfaceOrientations_iPad = "UIInterfaceOrientationPortrait UIInterfaceOrientationPortraitUpsideDown UIInterfaceOrientationLandscapeLeft UIInterfaceOrientationLandscapeRight";
				INFOPLIST_KEY_UISupportedInterfaceOrientations_iPhone = "UIInterfaceOrientationPortrait UIInterfaceOrientationLandscapeLeft UIInterfaceOrientationLandscapeRight";
				LD_RUNPATH_SEARCH_PATHS = (
					"$(inherited)",
					"@executable_path/Frameworks",
				);
				MARKETING_VERSION = 1.0;
				PRODUCT_BUNDLE_IDENTIFIER = ZakCD.FavouritePlaces;
				PRODUCT_NAME = "$(TARGET_NAME)";
				SWIFT_EMIT_LOC_STRINGS = YES;
				SWIFT_VERSION = 5.0;
				TARGETED_DEVICE_FAMILY = "1,2";
			};
			name = Debug;
		};
		31E8CB8F281B82CD00D634CC /* Release */ = {
			isa = XCBuildConfiguration;
			buildSettings = {
				ASSETCATALOG_COMPILER_APPICON_NAME = AppIcon;
				ASSETCATALOG_COMPILER_GLOBAL_ACCENT_COLOR_NAME = AccentColor;
				CODE_SIGN_STYLE = Automatic;
				CURRENT_PROJECT_VERSION = 1;
				DEVELOPMENT_ASSET_PATHS = "\"FavouritePlaces/Preview Content\"";
				DEVELOPMENT_TEAM = 77J4UA66Q2;
				ENABLE_PREVIEWS = YES;
				GENERATE_INFOPLIST_FILE = YES;
				INFOPLIST_KEY_UIApplicationSceneManifest_Generation = YES;
				INFOPLIST_KEY_UIApplicationSupportsIndirectInputEvents = YES;
				INFOPLIST_KEY_UILaunchScreen_Generation = YES;
				INFOPLIST_KEY_UISupportedInterfaceOrientations_iPad = "UIInterfaceOrientationPortrait UIInterfaceOrientationPortraitUpsideDown UIInterfaceOrientationLandscapeLeft UIInterfaceOrientationLandscapeRight";
				INFOPLIST_KEY_UISupportedInterfaceOrientations_iPhone = "UIInterfaceOrientationPortrait UIInterfaceOrientationLandscapeLeft UIInterfaceOrientationLandscapeRight";
				LD_RUNPATH_SEARCH_PATHS = (
					"$(inherited)",
					"@executable_path/Frameworks",
				);
				MARKETING_VERSION = 1.0;
				PRODUCT_BUNDLE_IDENTIFIER = ZakCD.FavouritePlaces;
				PRODUCT_NAME = "$(TARGET_NAME)";
				SWIFT_EMIT_LOC_STRINGS = YES;
				SWIFT_VERSION = 5.0;
				TARGETED_DEVICE_FAMILY = "1,2";
			};
			name = Release;
		};
		31E8CB91281B82CD00D634CC /* Debug */ = {
			isa = XCBuildConfiguration;
			buildSettings = {
				ALWAYS_EMBED_SWIFT_STANDARD_LIBRARIES = YES;
				BUNDLE_LOADER = "$(TEST_HOST)";
				CODE_SIGN_STYLE = Automatic;
				CURRENT_PROJECT_VERSION = 1;
				DEVELOPMENT_TEAM = 77J4UA66Q2;
				GENERATE_INFOPLIST_FILE = YES;
				IPHONEOS_DEPLOYMENT_TARGET = 15.4;
				MARKETING_VERSION = 1.0;
				PRODUCT_BUNDLE_IDENTIFIER = ZakCD.FavouritePlacesTests;
				PRODUCT_NAME = "$(TARGET_NAME)";
				SWIFT_EMIT_LOC_STRINGS = NO;
				SWIFT_VERSION = 5.0;
				TARGETED_DEVICE_FAMILY = "1,2";
				TEST_HOST = "$(BUILT_PRODUCTS_DIR)/FavouritePlaces.app/FavouritePlaces";
			};
			name = Debug;
		};
		31E8CB92281B82CD00D634CC /* Release */ = {
			isa = XCBuildConfiguration;
			buildSettings = {
				ALWAYS_EMBED_SWIFT_STANDARD_LIBRARIES = YES;
				BUNDLE_LOADER = "$(TEST_HOST)";
				CODE_SIGN_STYLE = Automatic;
				CURRENT_PROJECT_VERSION = 1;
				DEVELOPMENT_TEAM = 77J4UA66Q2;
				GENERATE_INFOPLIST_FILE = YES;
				IPHONEOS_DEPLOYMENT_TARGET = 15.4;
				MARKETING_VERSION = 1.0;
				PRODUCT_BUNDLE_IDENTIFIER = ZakCD.FavouritePlacesTests;
				PRODUCT_NAME = "$(TARGET_NAME)";
				SWIFT_EMIT_LOC_STRINGS = NO;
				SWIFT_VERSION = 5.0;
				TARGETED_DEVICE_FAMILY = "1,2";
				TEST_HOST = "$(BUILT_PRODUCTS_DIR)/FavouritePlaces.app/FavouritePlaces";
			};
			name = Release;
		};
		31E8CB94281B82CD00D634CC /* Debug */ = {
			isa = XCBuildConfiguration;
			buildSettings = {
				ALWAYS_EMBED_SWIFT_STANDARD_LIBRARIES = YES;
				CODE_SIGN_STYLE = Automatic;
				CURRENT_PROJECT_VERSION = 1;
				DEVELOPMENT_TEAM = 77J4UA66Q2;
				GENERATE_INFOPLIST_FILE = YES;
				MARKETING_VERSION = 1.0;
				PRODUCT_BUNDLE_IDENTIFIER = ZakCD.FavouritePlacesUITests;
				PRODUCT_NAME = "$(TARGET_NAME)";
				SWIFT_EMIT_LOC_STRINGS = NO;
				SWIFT_VERSION = 5.0;
				TARGETED_DEVICE_FAMILY = "1,2";
				TEST_TARGET_NAME = FavouritePlaces;
			};
			name = Debug;
		};
		31E8CB95281B82CD00D634CC /* Release */ = {
			isa = XCBuildConfiguration;
			buildSettings = {
				ALWAYS_EMBED_SWIFT_STANDARD_LIBRARIES = YES;
				CODE_SIGN_STYLE = Automatic;
				CURRENT_PROJECT_VERSION = 1;
				DEVELOPMENT_TEAM = 77J4UA66Q2;
				GENERATE_INFOPLIST_FILE = YES;
				MARKETING_VERSION = 1.0;
				PRODUCT_BUNDLE_IDENTIFIER = ZakCD.FavouritePlacesUITests;
				PRODUCT_NAME = "$(TARGET_NAME)";
				SWIFT_EMIT_LOC_STRINGS = NO;
				SWIFT_VERSION = 5.0;
				TARGETED_DEVICE_FAMILY = "1,2";
				TEST_TARGET_NAME = FavouritePlaces;
			};
			name = Release;
		};
/* End XCBuildConfiguration section */

/* Begin XCConfigurationList section */
		31E8CB5F281B82C900D634CC /* Build configuration list for PBXProject "FavouritePlaces" */ = {
			isa = XCConfigurationList;
			buildConfigurations = (
				31E8CB8B281B82CD00D634CC /* Debug */,
				31E8CB8C281B82CD00D634CC /* Release */,
			);
			defaultConfigurationIsVisible = 0;
			defaultConfigurationName = Release;
		};
		31E8CB8D281B82CD00D634CC /* Build configuration list for PBXNativeTarget "FavouritePlaces" */ = {
			isa = XCConfigurationList;
			buildConfigurations = (
				31E8CB8E281B82CD00D634CC /* Debug */,
				31E8CB8F281B82CD00D634CC /* Release */,
			);
			defaultConfigurationIsVisible = 0;
			defaultConfigurationName = Release;
		};
		31E8CB90281B82CD00D634CC /* Build configuration list for PBXNativeTarget "FavouritePlacesTests" */ = {
			isa = XCConfigurationList;
			buildConfigurations = (
				31E8CB91281B82CD00D634CC /* Debug */,
				31E8CB92281B82CD00D634CC /* Release */,
			);
			defaultConfigurationIsVisible = 0;
			defaultConfigurationName = Release;
		};
		31E8CB93281B82CD00D634CC /* Build configuration list for PBXNativeTarget "FavouritePlacesUITests" */ = {
			isa = XCConfigurationList;
			buildConfigurations = (
				31E8CB94281B82CD00D634CC /* Debug */,
				31E8CB95281B82CD00D634CC /* Release */,
			);
			defaultConfigurationIsVisible = 0;
			defaultConfigurationName = Release;
		};
/* End XCConfigurationList section */

/* Begin XCVersionGroup section */
		31E8CB72281B82CC00D634CC /* FavouritePlaces.xcdatamodeld */ = {
			isa = XCVersionGroup;
			children = (
				31E8CB73281B82CC00D634CC /* FavouritePlaces.xcdatamodel */,
			);
			currentVersion = 31E8CB73281B82CC00D634CC /* FavouritePlaces.xcdatamodel */;
			path = FavouritePlaces.xcdatamodeld;
			sourceTree = "<group>";
			versionGroupType = wrapper.xcdatamodel;
		};
/* End XCVersionGroup section */
	};
	rootObject = 31E8CB5C281B82C900D634CC /* Project object */;
}
